
Microsoft Visual Studio Solution File, Format Version 12.00
# Visual Studio Version 17
VisualStudioVersion = 17.13.35825.156 d17.13
MinimumVisualStudioVersion = 10.0.40219.1
Project("{FAE04EC0-301F-11D3-BF4B-00C04F79EFBC}") = "Chapter House", "Chapter House.csproj", "{0064D538-CCEF-44C5-B29F-7A78DB981E92}"
EndProject
Global
	GlobalSection(SolutionConfigurationPlatforms) = preSolution
		Debug|Any CPU = Debug|Any CPU
		Release|Any CPU = Release|Any CPU
	EndGlobalSection
	GlobalSection(ProjectConfigurationPlatforms) = postSolution
		{0064D538-CCEF-44C5-B29F-7A78DB981E92}.Debug|Any CPU.ActiveCfg = Debug|Any CPU
		{0064D538-CCEF-44C5-B29F-7A78DB981E92}.Debug|Any CPU.Build.0 = Debug|Any CPU
		{0064D538-CCEF-44C5-B29F-7A78DB981E92}.Release|Any CPU.ActiveCfg = Release|Any CPU
		{0064D538-CCEF-44C5-B29F-7A78DB981E92}.Release|Any CPU.Build.0 = Release|Any CPU
	EndGlobalSection
	GlobalSection(SolutionProperties) = preSolution
		HideSolutionNode = FALSE
	EndGlobalSection
	GlobalSection(ExtensibilityGlobals) = postSolution
		SolutionGuid = {7927D53E-C7F3-456A-9322-8E7E88FBBD7B}
	EndGlobalSection
EndGlobal
